// !$*UTF8*$!
{
	archiveVersion = 1;
	classes = {
	};
	objectVersion = 50;
	objects = {

/* Begin PBXBuildFile section */
		232F63A0268DD01A00A413A7 /* AppDelegate.swift in Sources */ = {isa = PBXBuildFile; fileRef = 232F639F268DD01A00A413A7 /* AppDelegate.swift */; };
		232F63A2268DD01A00A413A7 /* SceneDelegate.swift in Sources */ = {isa = PBXBuildFile; fileRef = 232F63A1268DD01A00A413A7 /* SceneDelegate.swift */; };
		232F63A7268DD01A00A413A7 /* Main.storyboard in Resources */ = {isa = PBXBuildFile; fileRef = 232F63A5268DD01A00A413A7 /* Main.storyboard */; };
		232F63A9268DD01D00A413A7 /* Assets.xcassets in Resources */ = {isa = PBXBuildFile; fileRef = 232F63A8268DD01D00A413A7 /* Assets.xcassets */; };
		232F63AC268DD01D00A413A7 /* LaunchScreen.storyboard in Resources */ = {isa = PBXBuildFile; fileRef = 232F63AA268DD01D00A413A7 /* LaunchScreen.storyboard */; };
		232F63B7268DD01D00A413A7 /* NewsAppTests.swift in Sources */ = {isa = PBXBuildFile; fileRef = 232F63B6268DD01D00A413A7 /* NewsAppTests.swift */; };
		232F63C2268DD01E00A413A7 /* NewsAppUITests.swift in Sources */ = {isa = PBXBuildFile; fileRef = 232F63C1268DD01E00A413A7 /* NewsAppUITests.swift */; };
		232F63D4268DD0DE00A413A7 /* NewsListViewController.swift in Sources */ = {isa = PBXBuildFile; fileRef = 232F63D3268DD0DE00A413A7 /* NewsListViewController.swift */; };
		232F63E3268DDF9300A413A7 /* WebService.swift in Sources */ = {isa = PBXBuildFile; fileRef = 232F63E2268DDF9300A413A7 /* WebService.swift */; };
		232F63EC268DE8BD00A413A7 /* Article.swift in Sources */ = {isa = PBXBuildFile; fileRef = 232F63EB268DE8BD00A413A7 /* Article.swift */; };
		232F63F5268E00FC00A413A7 /* ArticleViewModel.swift in Sources */ = {isa = PBXBuildFile; fileRef = 232F63F4268E00FC00A413A7 /* ArticleViewModel.swift */; };
		232F6403268E0F6600A413A7 /* DateExtension.swift in Sources */ = {isa = PBXBuildFile; fileRef = 232F6402268E0F6600A413A7 /* DateExtension.swift */; };
		232F640C268E148B00A413A7 /* NewsCell.xib in Resources */ = {isa = PBXBuildFile; fileRef = 232F640B268E148B00A413A7 /* NewsCell.xib */; };
		232F6411268E282A00A413A7 /* NewsCell.swift in Sources */ = {isa = PBXBuildFile; fileRef = 232F6410268E282900A413A7 /* NewsCell.swift */; };
		23E75B55269313C800C302B1 /* promotionCell.xib in Resources */ = {isa = PBXBuildFile; fileRef = 23E75B54269313C800C302B1 /* promotionCell.xib */; };
		23E75B5A2693176600C302B1 /* promotionCell.swift in Sources */ = {isa = PBXBuildFile; fileRef = 23E75B592693176600C302B1 /* promotionCell.swift */; };
		23E75B622693806D00C302B1 /* NewsListViewControllerExtension.swift in Sources */ = {isa = PBXBuildFile; fileRef = 23E75B612693806D00C302B1 /* NewsListViewControllerExtension.swift */; };
/* End PBXBuildFile section */

/* Begin PBXContainerItemProxy section */
		232F63B3268DD01D00A413A7 /* PBXContainerItemProxy */ = {
			isa = PBXContainerItemProxy;
			containerPortal = 232F6394268DD01A00A413A7 /* Project object */;
			proxyType = 1;
			remoteGlobalIDString = 232F639B268DD01A00A413A7;
			remoteInfo = NewsApp;
		};
		232F63BE268DD01E00A413A7 /* PBXContainerItemProxy */ = {
			isa = PBXContainerItemProxy;
			containerPortal = 232F6394268DD01A00A413A7 /* Project object */;
			proxyType = 1;
			remoteGlobalIDString = 232F639B268DD01A00A413A7;
			remoteInfo = NewsApp;
		};
/* End PBXContainerItemProxy section */

/* Begin PBXFileReference section */
		232F639C268DD01A00A413A7 /* NewsApp.app */ = {isa = PBXFileReference; explicitFileType = wrapper.application; includeInIndex = 0; path = NewsApp.app; sourceTree = BUILT_PRODUCTS_DIR; };
		232F639F268DD01A00A413A7 /* AppDelegate.swift */ = {isa = PBXFileReference; lastKnownFileType = sourcecode.swift; path = AppDelegate.swift; sourceTree = "<group>"; };
		232F63A1268DD01A00A413A7 /* SceneDelegate.swift */ = {isa = PBXFileReference; lastKnownFileType = sourcecode.swift; path = SceneDelegate.swift; sourceTree = "<group>"; };
		232F63A6268DD01A00A413A7 /* Base */ = {isa = PBXFileReference; lastKnownFileType = file.storyboard; name = Base; path = Base.lproj/Main.storyboard; sourceTree = "<group>"; };
		232F63A8268DD01D00A413A7 /* Assets.xcassets */ = {isa = PBXFileReference; lastKnownFileType = folder.assetcatalog; path = Assets.xcassets; sourceTree = "<group>"; };
		232F63AB268DD01D00A413A7 /* Base */ = {isa = PBXFileReference; lastKnownFileType = file.storyboard; name = Base; path = Base.lproj/LaunchScreen.storyboard; sourceTree = "<group>"; };
		232F63AD268DD01D00A413A7 /* Info.plist */ = {isa = PBXFileReference; lastKnownFileType = text.plist.xml; path = Info.plist; sourceTree = "<group>"; };
		232F63B2268DD01D00A413A7 /* NewsAppTests.xctest */ = {isa = PBXFileReference; explicitFileType = wrapper.cfbundle; includeInIndex = 0; path = NewsAppTests.xctest; sourceTree = BUILT_PRODUCTS_DIR; };
		232F63B6268DD01D00A413A7 /* NewsAppTests.swift */ = {isa = PBXFileReference; lastKnownFileType = sourcecode.swift; path = NewsAppTests.swift; sourceTree = "<group>"; };
		232F63B8268DD01D00A413A7 /* Info.plist */ = {isa = PBXFileReference; lastKnownFileType = text.plist.xml; path = Info.plist; sourceTree = "<group>"; };
		232F63BD268DD01E00A413A7 /* NewsAppUITests.xctest */ = {isa = PBXFileReference; explicitFileType = wrapper.cfbundle; includeInIndex = 0; path = NewsAppUITests.xctest; sourceTree = BUILT_PRODUCTS_DIR; };
		232F63C1268DD01E00A413A7 /* NewsAppUITests.swift */ = {isa = PBXFileReference; lastKnownFileType = sourcecode.swift; path = NewsAppUITests.swift; sourceTree = "<group>"; };
		232F63C3268DD01E00A413A7 /* Info.plist */ = {isa = PBXFileReference; lastKnownFileType = text.plist.xml; path = Info.plist; sourceTree = "<group>"; };
		232F63D3268DD0DE00A413A7 /* NewsListViewController.swift */ = {isa = PBXFileReference; lastKnownFileType = sourcecode.swift; path = NewsListViewController.swift; sourceTree = "<group>"; };
		232F63E2268DDF9300A413A7 /* WebService.swift */ = {isa = PBXFileReference; lastKnownFileType = sourcecode.swift; path = WebService.swift; sourceTree = "<group>"; };
		232F63EB268DE8BD00A413A7 /* Article.swift */ = {isa = PBXFileReference; lastKnownFileType = sourcecode.swift; path = Article.swift; sourceTree = "<group>"; };
		232F63F4268E00FC00A413A7 /* ArticleViewModel.swift */ = {isa = PBXFileReference; lastKnownFileType = sourcecode.swift; path = ArticleViewModel.swift; sourceTree = "<group>"; };
		232F6402268E0F6600A413A7 /* DateExtension.swift */ = {isa = PBXFileReference; lastKnownFileType = sourcecode.swift; path = DateExtension.swift; sourceTree = "<group>"; };
		232F640B268E148B00A413A7 /* NewsCell.xib */ = {isa = PBXFileReference; lastKnownFileType = file.xib; path = NewsCell.xib; sourceTree = "<group>"; };
		232F6410268E282900A413A7 /* NewsCell.swift */ = {isa = PBXFileReference; lastKnownFileType = sourcecode.swift; path = NewsCell.swift; sourceTree = "<group>"; };
		23E75B54269313C800C302B1 /* promotionCell.xib */ = {isa = PBXFileReference; lastKnownFileType = file.xib; path = promotionCell.xib; sourceTree = "<group>"; };
		23E75B592693176600C302B1 /* promotionCell.swift */ = {isa = PBXFileReference; lastKnownFileType = sourcecode.swift; path = promotionCell.swift; sourceTree = "<group>"; };
		23E75B612693806D00C302B1 /* NewsListViewControllerExtension.swift */ = {isa = PBXFileReference; lastKnownFileType = sourcecode.swift; path = NewsListViewControllerExtension.swift; sourceTree = "<group>"; };
/* End PBXFileReference section */

/* Begin PBXFrameworksBuildPhase section */
		232F6399268DD01A00A413A7 /* Frameworks */ = {
			isa = PBXFrameworksBuildPhase;
			buildActionMask = 2147483647;
			files = (
			);
			runOnlyForDeploymentPostprocessing = 0;
		};
		232F63AF268DD01D00A413A7 /* Frameworks */ = {
			isa = PBXFrameworksBuildPhase;
			buildActionMask = 2147483647;
			files = (
			);
			runOnlyForDeploymentPostprocessing = 0;
		};
		232F63BA268DD01E00A413A7 /* Frameworks */ = {
			isa = PBXFrameworksBuildPhase;
			buildActionMask = 2147483647;
			files = (
			);
			runOnlyForDeploymentPostprocessing = 0;
		};
/* End PBXFrameworksBuildPhase section */

/* Begin PBXGroup section */
		232F6393268DD01A00A413A7 = {
			isa = PBXGroup;
			children = (
				232F639E268DD01A00A413A7 /* NewsApp */,
				232F63B5268DD01D00A413A7 /* NewsAppTests */,
				232F63C0268DD01E00A413A7 /* NewsAppUITests */,
				232F639D268DD01A00A413A7 /* Products */,
			);
			sourceTree = "<group>";
		};
		232F639D268DD01A00A413A7 /* Products */ = {
			isa = PBXGroup;
			children = (
				232F639C268DD01A00A413A7 /* NewsApp.app */,
				232F63B2268DD01D00A413A7 /* NewsAppTests.xctest */,
				232F63BD268DD01E00A413A7 /* NewsAppUITests.xctest */,
			);
			name = Products;
			sourceTree = "<group>";
		};
		232F639E268DD01A00A413A7 /* NewsApp */ = {
			isa = PBXGroup;
			children = (
				232F640A268E144900A413A7 /* Views */,
				232F6401268E0EE800A413A7 /* Extensions */,
				232F63F3268E008B00A413A7 /* ViewModels */,
				232F63EA268DE89200A413A7 /* Models */,
				232F63E1268DDF6200A413A7 /* Services */,
				232F63D2268DD07400A413A7 /* ViewControllers */,
				232F639F268DD01A00A413A7 /* AppDelegate.swift */,
				232F63A1268DD01A00A413A7 /* SceneDelegate.swift */,
				232F63A5268DD01A00A413A7 /* Main.storyboard */,
				232F63A8268DD01D00A413A7 /* Assets.xcassets */,
				232F63AA268DD01D00A413A7 /* LaunchScreen.storyboard */,
				232F63AD268DD01D00A413A7 /* Info.plist */,
			);
			path = NewsApp;
			sourceTree = "<group>";
		};
		232F63B5268DD01D00A413A7 /* NewsAppTests */ = {
			isa = PBXGroup;
			children = (
				232F63B6268DD01D00A413A7 /* NewsAppTests.swift */,
				232F63B8268DD01D00A413A7 /* Info.plist */,
			);
			path = NewsAppTests;
			sourceTree = "<group>";
		};
		232F63C0268DD01E00A413A7 /* NewsAppUITests */ = {
			isa = PBXGroup;
			children = (
				232F63C1268DD01E00A413A7 /* NewsAppUITests.swift */,
				232F63C3268DD01E00A413A7 /* Info.plist */,
			);
			path = NewsAppUITests;
			sourceTree = "<group>";
		};
		232F63D2268DD07400A413A7 /* ViewControllers */ = {
			isa = PBXGroup;
			children = (
				232F63D3268DD0DE00A413A7 /* NewsListViewController.swift */,
			);
			path = ViewControllers;
			sourceTree = "<group>";
		};
		232F63E1268DDF6200A413A7 /* Services */ = {
			isa = PBXGroup;
			children = (
				232F63E2268DDF9300A413A7 /* WebService.swift */,
			);
			path = Services;
			sourceTree = "<group>";
		};
		232F63EA268DE89200A413A7 /* Models */ = {
			isa = PBXGroup;
			children = (
				232F63EB268DE8BD00A413A7 /* Article.swift */,
			);
			path = Models;
			sourceTree = "<group>";
		};
		232F63F3268E008B00A413A7 /* ViewModels */ = {
			isa = PBXGroup;
			children = (
				232F63F4268E00FC00A413A7 /* ArticleViewModel.swift */,
			);
			path = ViewModels;
			sourceTree = "<group>";
		};
		232F6401268E0EE800A413A7 /* Extensions */ = {
			isa = PBXGroup;
			children = (
				232F6402268E0F6600A413A7 /* DateExtension.swift */,
				23E75B612693806D00C302B1 /* NewsListViewControllerExtension.swift */,
			);
			path = Extensions;
			sourceTree = "<group>";
		};
		232F640A268E144900A413A7 /* Views */ = {
			isa = PBXGroup;
			children = (
				232F640B268E148B00A413A7 /* NewsCell.xib */,
				232F6410268E282900A413A7 /* NewsCell.swift */,
				23E75B54269313C800C302B1 /* promotionCell.xib */,
				23E75B592693176600C302B1 /* promotionCell.swift */,
			);
			path = Views;
			sourceTree = "<group>";
		};
/* End PBXGroup section */

/* Begin PBXNativeTarget section */
		232F639B268DD01A00A413A7 /* NewsApp */ = {
			isa = PBXNativeTarget;
			buildConfigurationList = 232F63C6268DD01E00A413A7 /* Build configuration list for PBXNativeTarget "NewsApp" */;
			buildPhases = (
				232F6398268DD01A00A413A7 /* Sources */,
				232F6399268DD01A00A413A7 /* Frameworks */,
				232F639A268DD01A00A413A7 /* Resources */,
			);
			buildRules = (
			);
			dependencies = (
			);
			name = NewsApp;
			productName = NewsApp;
			productReference = 232F639C268DD01A00A413A7 /* NewsApp.app */;
			productType = "com.apple.product-type.application";
		};
		232F63B1268DD01D00A413A7 /* NewsAppTests */ = {
			isa = PBXNativeTarget;
			buildConfigurationList = 232F63C9268DD01E00A413A7 /* Build configuration list for PBXNativeTarget "NewsAppTests" */;
			buildPhases = (
				232F63AE268DD01D00A413A7 /* Sources */,
				232F63AF268DD01D00A413A7 /* Frameworks */,
				232F63B0268DD01D00A413A7 /* Resources */,
			);
			buildRules = (
			);
			dependencies = (
				232F63B4268DD01D00A413A7 /* PBXTargetDependency */,
			);
			name = NewsAppTests;
			productName = NewsAppTests;
			productReference = 232F63B2268DD01D00A413A7 /* NewsAppTests.xctest */;
			productType = "com.apple.product-type.bundle.unit-test";
		};
		232F63BC268DD01E00A413A7 /* NewsAppUITests */ = {
			isa = PBXNativeTarget;
			buildConfigurationList = 232F63CC268DD01E00A413A7 /* Build configuration list for PBXNativeTarget "NewsAppUITests" */;
			buildPhases = (
				232F63B9268DD01E00A413A7 /* Sources */,
				232F63BA268DD01E00A413A7 /* Frameworks */,
				232F63BB268DD01E00A413A7 /* Resources */,
			);
			buildRules = (
			);
			dependencies = (
				232F63BF268DD01E00A413A7 /* PBXTargetDependency */,
			);
			name = NewsAppUITests;
			productName = NewsAppUITests;
			productReference = 232F63BD268DD01E00A413A7 /* NewsAppUITests.xctest */;
			productType = "com.apple.product-type.bundle.ui-testing";
		};
/* End PBXNativeTarget section */

/* Begin PBXProject section */
		232F6394268DD01A00A413A7 /* Project object */ = {
			isa = PBXProject;
			attributes = {
				LastSwiftUpdateCheck = 1220;
				LastUpgradeCheck = 1220;
				TargetAttributes = {
					232F639B268DD01A00A413A7 = {
						CreatedOnToolsVersion = 12.2;
					};
					232F63B1268DD01D00A413A7 = {
						CreatedOnToolsVersion = 12.2;
						TestTargetID = 232F639B268DD01A00A413A7;
					};
					232F63BC268DD01E00A413A7 = {
						CreatedOnToolsVersion = 12.2;
						TestTargetID = 232F639B268DD01A00A413A7;
					};
				};
			};
			buildConfigurationList = 232F6397268DD01A00A413A7 /* Build configuration list for PBXProject "NewsApp" */;
			compatibilityVersion = "Xcode 9.3";
			developmentRegion = en;
			hasScannedForEncodings = 0;
			knownRegions = (
				en,
				Base,
			);
			mainGroup = 232F6393268DD01A00A413A7;
			productRefGroup = 232F639D268DD01A00A413A7 /* Products */;
			projectDirPath = "";
			projectRoot = "";
			targets = (
				232F639B268DD01A00A413A7 /* NewsApp */,
				232F63B1268DD01D00A413A7 /* NewsAppTests */,
				232F63BC268DD01E00A413A7 /* NewsAppUITests */,
			);
		};
/* End PBXProject section */

/* Begin PBXResourcesBuildPhase section */
		232F639A268DD01A00A413A7 /* Resources */ = {
			isa = PBXResourcesBuildPhase;
			buildActionMask = 2147483647;
			files = (
				232F63AC268DD01D00A413A7 /* LaunchScreen.storyboard in Resources */,
				232F63A9268DD01D00A413A7 /* Assets.xcassets in Resources */,
				232F640C268E148B00A413A7 /* NewsCell.xib in Resources */,
				23E75B55269313C800C302B1 /* promotionCell.xib in Resources */,
				232F63A7268DD01A00A413A7 /* Main.storyboard in Resources */,
			);
			runOnlyForDeploymentPostprocessing = 0;
		};
		232F63B0268DD01D00A413A7 /* Resources */ = {
			isa = PBXResourcesBuildPhase;
			buildActionMask = 2147483647;
			files = (
			);
			runOnlyForDeploymentPostprocessing = 0;
		};
		232F63BB268DD01E00A413A7 /* Resources */ = {
			isa = PBXResourcesBuildPhase;
			buildActionMask = 2147483647;
			files = (
			);
			runOnlyForDeploymentPostprocessing = 0;
		};
/* End PBXResourcesBuildPhase section */

/* Begin PBXSourcesBuildPhase section */
		232F6398268DD01A00A413A7 /* Sources */ = {
			isa = PBXSourcesBuildPhase;
			buildActionMask = 2147483647;
			files = (
				232F63D4268DD0DE00A413A7 /* NewsListViewController.swift in Sources */,
				23E75B622693806D00C302B1 /* NewsListViewControllerExtension.swift in Sources */,
				232F63EC268DE8BD00A413A7 /* Article.swift in Sources */,
				232F63A0268DD01A00A413A7 /* AppDelegate.swift in Sources */,
				232F6411268E282A00A413A7 /* NewsCell.swift in Sources */,
				23E75B5A2693176600C302B1 /* promotionCell.swift in Sources */,
				232F63E3268DDF9300A413A7 /* WebService.swift in Sources */,
				232F6403268E0F6600A413A7 /* DateExtension.swift in Sources */,
				232F63F5268E00FC00A413A7 /* ArticleViewModel.swift in Sources */,
				232F63A2268DD01A00A413A7 /* SceneDelegate.swift in Sources */,
			);
			runOnlyForDeploymentPostprocessing = 0;
		};
		232F63AE268DD01D00A413A7 /* Sources */ = {
			isa = PBXSourcesBuildPhase;
			buildActionMask = 2147483647;
			files = (
				232F63B7268DD01D00A413A7 /* NewsAppTests.swift in Sources */,
			);
			runOnlyForDeploymentPostprocessing = 0;
		};
		232F63B9268DD01E00A413A7 /* Sources */ = {
			isa = PBXSourcesBuildPhase;
			buildActionMask = 2147483647;
			files = (
				232F63C2268DD01E00A413A7 /* NewsAppUITests.swift in Sources */,
			);
			runOnlyForDeploymentPostprocessing = 0;
		};
/* End PBXSourcesBuildPhase section */

/* Begin PBXTargetDependency section */
		232F63B4268DD01D00A413A7 /* PBXTargetDependency */ = {
			isa = PBXTargetDependency;
			target = 232F639B268DD01A00A413A7 /* NewsApp */;
			targetProxy = 232F63B3268DD01D00A413A7 /* PBXContainerItemProxy */;
		};
		232F63BF268DD01E00A413A7 /* PBXTargetDependency */ = {
			isa = PBXTargetDependency;
			target = 232F639B268DD01A00A413A7 /* NewsApp */;
			targetProxy = 232F63BE268DD01E00A413A7 /* PBXContainerItemProxy */;
		};
/* End PBXTargetDependency section */

/* Begin PBXVariantGroup section */
		232F63A5268DD01A00A413A7 /* Main.storyboard */ = {
			isa = PBXVariantGroup;
			children = (
				232F63A6268DD01A00A413A7 /* Base */,
			);
			name = Main.storyboard;
			sourceTree = "<group>";
		};
		232F63AA268DD01D00A413A7 /* LaunchScreen.storyboard */ = {
			isa = PBXVariantGroup;
			children = (
				232F63AB268DD01D00A413A7 /* Base */,
			);
			name = LaunchScreen.storyboard;
			sourceTree = "<group>";
		};
/* End PBXVariantGroup section */

/* Begin XCBuildConfiguration section */
		232F63C4268DD01E00A413A7 /* Debug */ = {
			isa = XCBuildConfiguration;
			buildSettings = {
				ALWAYS_SEARCH_USER_PATHS = NO;
				CLANG_ANALYZER_NONNULL = YES;
				CLANG_ANALYZER_NUMBER_OBJECT_CONVERSION = YES_AGGRESSIVE;
				CLANG_CXX_LANGUAGE_STANDARD = "gnu++14";
				CLANG_CXX_LIBRARY = "libc++";
				CLANG_ENABLE_MODULES = YES;
				CLANG_ENABLE_OBJC_ARC = YES;
				CLANG_ENABLE_OBJC_WEAK = YES;
				CLANG_WARN_BLOCK_CAPTURE_AUTORELEASING = YES;
				CLANG_WARN_BOOL_CONVERSION = YES;
				CLANG_WARN_COMMA = YES;
				CLANG_WARN_CONSTANT_CONVERSION = YES;
				CLANG_WARN_DEPRECATED_OBJC_IMPLEMENTATIONS = YES;
				CLANG_WARN_DIRECT_OBJC_ISA_USAGE = YES_ERROR;
				CLANG_WARN_DOCUMENTATION_COMMENTS = YES;
				CLANG_WARN_EMPTY_BODY = YES;
				CLANG_WARN_ENUM_CONVERSION = YES;
				CLANG_WARN_INFINITE_RECURSION = YES;
				CLANG_WARN_INT_CONVERSION = YES;
				CLANG_WARN_NON_LITERAL_NULL_CONVERSION = YES;
				CLANG_WARN_OBJC_IMPLICIT_RETAIN_SELF = YES;
				CLANG_WARN_OBJC_LITERAL_CONVERSION = YES;
				CLANG_WARN_OBJC_ROOT_CLASS = YES_ERROR;
				CLANG_WARN_QUOTED_INCLUDE_IN_FRAMEWORK_HEADER = YES;
				CLANG_WARN_RANGE_LOOP_ANALYSIS = YES;
				CLANG_WARN_STRICT_PROTOTYPES = YES;
				CLANG_WARN_SUSPICIOUS_MOVE = YES;
				CLANG_WARN_UNGUARDED_AVAILABILITY = YES_AGGRESSIVE;
				CLANG_WARN_UNREACHABLE_CODE = YES;
				CLANG_WARN__DUPLICATE_METHOD_MATCH = YES;
				COPY_PHASE_STRIP = NO;
				DEBUG_INFORMATION_FORMAT = dwarf;
				ENABLE_STRICT_OBJC_MSGSEND = YES;
				ENABLE_TESTABILITY = YES;
				GCC_C_LANGUAGE_STANDARD = gnu11;
				GCC_DYNAMIC_NO_PIC = NO;
				GCC_NO_COMMON_BLOCKS = YES;
				GCC_OPTIMIZATION_LEVEL = 0;
				GCC_PREPROCESSOR_DEFINITIONS = (
					"DEBUG=1",
					"$(inherited)",
				);
				GCC_WARN_64_TO_32_BIT_CONVERSION = YES;
				GCC_WARN_ABOUT_RETURN_TYPE = YES_ERROR;
				GCC_WARN_UNDECLARED_SELECTOR = YES;
				GCC_WARN_UNINITIALIZED_AUTOS = YES_AGGRESSIVE;
				GCC_WARN_UNUSED_FUNCTION = YES;
				GCC_WARN_UNUSED_VARIABLE = YES;
				IPHONEOS_DEPLOYMENT_TARGET = 14.2;
				MTL_ENABLE_DEBUG_INFO = INCLUDE_SOURCE;
				MTL_FAST_MATH = YES;
				ONLY_ACTIVE_ARCH = YES;
				SDKROOT = iphoneos;
				SWIFT_ACTIVE_COMPILATION_CONDITIONS = DEBUG;
				SWIFT_OPTIMIZATION_LEVEL = "-Onone";
			};
			name = Debug;
		};
		232F63C5268DD01E00A413A7 /* Release */ = {
			isa = XCBuildConfiguration;
			buildSettings = {
				ALWAYS_SEARCH_USER_PATHS = NO;
				CLANG_ANALYZER_NONNULL = YES;
				CLANG_ANALYZER_NUMBER_OBJECT_CONVERSION = YES_AGGRESSIVE;
				CLANG_CXX_LANGUAGE_STANDARD = "gnu++14";
				CLANG_CXX_LIBRARY = "libc++";
				CLANG_ENABLE_MODULES = YES;
				CLANG_ENABLE_OBJC_ARC = YES;
				CLANG_ENABLE_OBJC_WEAK = YES;
				CLANG_WARN_BLOCK_CAPTURE_AUTORELEASING = YES;
				CLANG_WARN_BOOL_CONVERSION = YES;
				CLANG_WARN_COMMA = YES;
				CLANG_WARN_CONSTANT_CONVERSION = YES;
				CLANG_WARN_DEPRECATED_OBJC_IMPLEMENTATIONS = YES;
				CLANG_WARN_DIRECT_OBJC_ISA_USAGE = YES_ERROR;
				CLANG_WARN_DOCUMENTATION_COMMENTS = YES;
				CLANG_WARN_EMPTY_BODY = YES;
				CLANG_WARN_ENUM_CONVERSION = YES;
				CLANG_WARN_INFINITE_RECURSION = YES;
				CLANG_WARN_INT_CONVERSION = YES;
				CLANG_WARN_NON_LITERAL_NULL_CONVERSION = YES;
				CLANG_WARN_OBJC_IMPLICIT_RETAIN_SELF = YES;
				CLANG_WARN_OBJC_LITERAL_CONVERSION = YES;
				CLANG_WARN_OBJC_ROOT_CLASS = YES_ERROR;
				CLANG_WARN_QUOTED_INCLUDE_IN_FRAMEWORK_HEADER = YES;
				CLANG_WARN_RANGE_LOOP_ANALYSIS = YES;
				CLANG_WARN_STRICT_PROTOTYPES = YES;
				CLANG_WARN_SUSPICIOUS_MOVE = YES;
				CLANG_WARN_UNGUARDED_AVAILABILITY = YES_AGGRESSIVE;
				CLANG_WARN_UNREACHABLE_CODE = YES;
				CLANG_WARN__DUPLICATE_METHOD_MATCH = YES;
				COPY_PHASE_STRIP = NO;
				DEBUG_INFORMATION_FORMAT = "dwarf-with-dsym";
				ENABLE_NS_ASSERTIONS = NO;
				ENABLE_STRICT_OBJC_MSGSEND = YES;
				GCC_C_LANGUAGE_STANDARD = gnu11;
				GCC_NO_COMMON_BLOCKS = YES;
				GCC_WARN_64_TO_32_BIT_CONVERSION = YES;
				GCC_WARN_ABOUT_RETURN_TYPE = YES_ERROR;
				GCC_WARN_UNDECLARED_SELECTOR = YES;
				GCC_WARN_UNINITIALIZED_AUTOS = YES_AGGRESSIVE;
				GCC_WARN_UNUSED_FUNCTION = YES;
				GCC_WARN_UNUSED_VARIABLE = YES;
				IPHONEOS_DEPLOYMENT_TARGET = 14.2;
				MTL_ENABLE_DEBUG_INFO = NO;
				MTL_FAST_MATH = YES;
				SDKROOT = iphoneos;
				SWIFT_COMPILATION_MODE = wholemodule;
				SWIFT_OPTIMIZATION_LEVEL = "-O";
				VALIDATE_PRODUCT = YES;
			};
			name = Release;
		};
		232F63C7268DD01E00A413A7 /* Debug */ = {
			isa = XCBuildConfiguration;
			buildSettings = {
				ASSETCATALOG_COMPILER_APPICON_NAME = AppIcon;
				ASSETCATALOG_COMPILER_GLOBAL_ACCENT_COLOR_NAME = AccentColor;
				CODE_SIGN_STYLE = Automatic;
				INFOPLIST_FILE = NewsApp/Info.plist;
				LD_RUNPATH_SEARCH_PATHS = (
					"$(inherited)",
					"@executable_path/Frameworks",
				);
				PRODUCT_BUNDLE_IDENTIFIER = com.roiKedarya.NewsApp;
				PRODUCT_NAME = "$(TARGET_NAME)";
				SWIFT_VERSION = 5.0;
				TARGETED_DEVICE_FAMILY = "1,2";
			};
			name = Debug;
		};
		232F63C8268DD01E00A413A7 /* Release */ = {
			isa = XCBuildConfiguration;
			buildSettings = {
				ASSETCATALOG_COMPILER_APPICON_NAME = AppIcon;
				ASSETCATALOG_COMPILER_GLOBAL_ACCENT_COLOR_NAME = AccentColor;
				CODE_SIGN_STYLE = Automatic;
				INFOPLIST_FILE = NewsApp/Info.plist;
				LD_RUNPATH_SEARCH_PATHS = (
					"$(inherited)",
					"@executable_path/Frameworks",
				);
				PRODUCT_BUNDLE_IDENTIFIER = com.roiKedarya.NewsApp;
				PRODUCT_NAME = "$(TARGET_NAME)";
				SWIFT_VERSION = 5.0;
				TARGETED_DEVICE_FAMILY = "1,2";
			};
			name = Release;
		};
		232F63CA268DD01E00A413A7 /* Debug */ = {
			isa = XCBuildConfiguration;
			buildSettings = {
				ALWAYS_EMBED_SWIFT_STANDARD_LIBRARIES = YES;
				BUNDLE_LOADER = "$(TEST_HOST)";
				CODE_SIGN_STYLE = Automatic;
				INFOPLIST_FILE = NewsAppTests/Info.plist;
				IPHONEOS_DEPLOYMENT_TARGET = 14.2;
				LD_RUNPATH_SEARCH_PATHS = (
					"$(inherited)",
					"@executable_path/Frameworks",
					"@loader_path/Frameworks",
				);
				PRODUCT_BUNDLE_IDENTIFIER = com.roiKedarya.NewsAppTests;
				PRODUCT_NAME = "$(TARGET_NAME)";
				SWIFT_VERSION = 5.0;
				TARGETED_DEVICE_FAMILY = "1,2";
				TEST_HOST = "$(BUILT_PRODUCTS_DIR)/NewsApp.app/NewsApp";
			};
			name = Debug;
		};
		232F63CB268DD01E00A413A7 /* Release */ = {
			isa = XCBuildConfiguration;
			buildSettings = {
				ALWAYS_EMBED_SWIFT_STANDARD_LIBRARIES = YES;
				BUNDLE_LOADER = "$(TEST_HOST)";
				CODE_SIGN_STYLE = Automatic;
				INFOPLIST_FILE = NewsAppTests/Info.plist;
				IPHONEOS_DEPLOYMENT_TARGET = 14.2;
				LD_RUNPATH_SEARCH_PATHS = (
					"$(inherited)",
					"@executable_path/Frameworks",
					"@loader_path/Frameworks",
				);
				PRODUCT_BUNDLE_IDENTIFIER = com.roiKedarya.NewsAppTests;
				PRODUCT_NAME = "$(TARGET_NAME)";
				SWIFT_VERSION = 5.0;
				TARGETED_DEVICE_FAMILY = "1,2";
				TEST_HOST = "$(BUILT_PRODUCTS_DIR)/NewsApp.app/NewsApp";
			};
			name = Release;
		};
		232F63CD268DD01E00A413A7 /* Debug */ = {
			isa = XCBuildConfiguration;
			buildSettings = {
				ALWAYS_EMBED_SWIFT_STANDARD_LIBRARIES = YES;
				CODE_SIGN_STYLE = Automatic;
				INFOPLIST_FILE = NewsAppUITests/Info.plist;
				LD_RUNPATH_SEARCH_PATHS = (
					"$(inherited)",
					"@executable_path/Frameworks",
					"@loader_path/Frameworks",
				);
				PRODUCT_BUNDLE_IDENTIFIER = com.roiKedarya.NewsAppUITests;
				PRODUCT_NAME = "$(TARGET_NAME)";
				SWIFT_VERSION = 5.0;
				TARGETED_DEVICE_FAMILY = "1,2";
				TEST_TARGET_NAME = NewsApp;
			};
			name = Debug;
		};
		232F63CE268DD01E00A413A7 /* Release */ = {
			isa = XCBuildConfiguration;
			buildSettings = {
				ALWAYS_EMBED_SWIFT_STANDARD_LIBRARIES = YES;
				CODE_SIGN_STYLE = Automatic;
				INFOPLIST_FILE = NewsAppUITests/Info.plist;
				LD_RUNPATH_SEARCH_PATHS = (
					"$(inherited)",
					"@executable_path/Frameworks",
					"@loader_path/Frameworks",
				);
				PRODUCT_BUNDLE_IDENTIFIER = com.roiKedarya.NewsAppUITests;
				PRODUCT_NAME = "$(TARGET_NAME)";
				SWIFT_VERSION = 5.0;
				TARGETED_DEVICE_FAMILY = "1,2";
				TEST_TARGET_NAME = NewsApp;
			};
			name = Release;
		};
/* End XCBuildConfiguration section */

/* Begin XCConfigurationList section */
		232F6397268DD01A00A413A7 /* Build configuration list for PBXProject "NewsApp" */ = {
			isa = XCConfigurationList;
			buildConfigurations = (
				232F63C4268DD01E00A413A7 /* Debug */,
				232F63C5268DD01E00A413A7 /* Release */,
			);
			defaultConfigurationIsVisible = 0;
			defaultConfigurationName = Release;
		};
		232F63C6268DD01E00A413A7 /* Build configuration list for PBXNativeTarget "NewsApp" */ = {
			isa = XCConfigurationList;
			buildConfigurations = (
				232F63C7268DD01E00A413A7 /* Debug */,
				232F63C8268DD01E00A413A7 /* Release */,
			);
			defaultConfigurationIsVisible = 0;
			defaultConfigurationName = Release;
		};
		232F63C9268DD01E00A413A7 /* Build configuration list for PBXNativeTarget "NewsAppTests" */ = {
			isa = XCConfigurationList;
			buildConfigurations = (
				232F63CA268DD01E00A413A7 /* Debug */,
				232F63CB268DD01E00A413A7 /* Release */,
			);
			defaultConfigurationIsVisible = 0;
			defaultConfigurationName = Release;
		};
		232F63CC268DD01E00A413A7 /* Build configuration list for PBXNativeTarget "NewsAppUITests" */ = {
			isa = XCConfigurationList;
			buildConfigurations = (
				232F63CD268DD01E00A413A7 /* Debug */,
				232F63CE268DD01E00A413A7 /* Release */,
			);
			defaultConfigurationIsVisible = 0;
			defaultConfigurationName = Release;
		};
/* End XCConfigurationList section */
	};
	rootObject = 232F6394268DD01A00A413A7 /* Project object */;
}
